
Microsoft Visual Studio Solution File, Format Version 12.00
# Visual Studio Version 17
VisualStudioVersion = 17.12.35707.178
MinimumVisualStudioVersion = 10.0.40219.1
Project("{FAE04EC0-301F-11D3-BF4B-00C04F79EFBC}") = "BulkyWeb1", "BulkyWeb1\BulkyWeb1.csproj", "{87D87B73-6A30-4D41-A30D-B4C83F2DA525}"
EndProject
Project("{FAE04EC0-301F-11D3-BF4B-00C04F79EFBC}") = "BulkyWebRazor_Temp", "BulkyWebRazor_Temp\BulkyWebRazor_Temp.csproj", "{71E097CE-2E4F-4393-B1AD-102FB232298B}"
EndProject
Global
	GlobalSection(SolutionConfigurationPlatforms) = preSolution
		Debug|Any CPU = Debug|Any CPU
		Release|Any CPU = Release|Any CPU
	EndGlobalSection
	GlobalSection(ProjectConfigurationPlatforms) = postSolution
		{87D87B73-6A30-4D41-A30D-B4C83F2DA525}.Debug|Any CPU.ActiveCfg = Debug|Any CPU
		{87D87B73-6A30-4D41-A30D-B4C83F2DA525}.Debug|Any CPU.Build.0 = Debug|Any CPU
		{87D87B73-6A30-4D41-A30D-B4C83F2DA525}.Release|Any CPU.ActiveCfg = Release|Any CPU
		{87D87B73-6A30-4D41-A30D-B4C83F2DA525}.Release|Any CPU.Build.0 = Release|Any CPU
		{71E097CE-2E4F-4393-B1AD-102FB232298B}.Debug|Any CPU.ActiveCfg = Debug|Any CPU
		{71E097CE-2E4F-4393-B1AD-102FB232298B}.Debug|Any CPU.Build.0 = Debug|Any CPU
		{71E097CE-2E4F-4393-B1AD-102FB232298B}.Release|Any CPU.ActiveCfg = Release|Any CPU
		{71E097CE-2E4F-4393-B1AD-102FB232298B}.Release|Any CPU.Build.0 = Release|Any CPU
	EndGlobalSection
	GlobalSection(SolutionProperties) = preSolution
		HideSolutionNode = FALSE
	EndGlobalSection
EndGlobal
